
Microsoft Visual Studio Solution File, Format Version 12.00
# Visual Studio Version 16
VisualStudioVersion = 16.0.31515.178
MinimumVisualStudioVersion = 10.0.40219.1
Project("{FAE04EC0-301F-11D3-BF4B-00C04F79EFBC}") = "Cs365Project1Rewrite", "Cs365Project1Rewrite\Cs365Project1Rewrite.csproj", "{EC2DF7CC-98B5-4E36-B8C6-EAC6C5E13E19}"
EndProject
Global
	GlobalSection(SolutionConfigurationPlatforms) = preSolution
		Debug|Any CPU = Debug|Any CPU
		Release|Any CPU = Release|Any CPU
	EndGlobalSection
	GlobalSection(ProjectConfigurationPlatforms) = postSolution
		{EC2DF7CC-98B5-4E36-B8C6-EAC6C5E13E19}.Debug|Any CPU.ActiveCfg = Debug|Any CPU
		{EC2DF7CC-98B5-4E36-B8C6-EAC6C5E13E19}.Debug|Any CPU.Build.0 = Debug|Any CPU
		{EC2DF7CC-98B5-4E36-B8C6-EAC6C5E13E19}.Release|Any CPU.ActiveCfg = Release|Any CPU
		{EC2DF7CC-98B5-4E36-B8C6-EAC6C5E13E19}.Release|Any CPU.Build.0 = Release|Any CPU
	EndGlobalSection
	GlobalSection(SolutionProperties) = preSolution
		HideSolutionNode = FALSE
	EndGlobalSection
	GlobalSection(ExtensibilityGlobals) = postSolution
		SolutionGuid = {309C05FF-0480-400E-8929-68C331D028C9}
	EndGlobalSection
EndGlobal
